
Microsoft Visual Studio Solution File, Format Version 12.00
# Visual Studio 15
VisualStudioVersion = 15.0.28307.489
MinimumVisualStudioVersion = 10.0.40219.1
Project("{8BC9CEB8-8B4A-11D0-8D11-00A0C91BC942}") = "Convert", "Convert\Convert.vcxproj", "{6E28F8F8-6A5E-4EF3-B89C-38827E629A1E}"
EndProject
Project("{FAE04EC0-301F-11D3-BF4B-00C04F79EFBC}") = "App", "App\App.csproj", "{E5C8A6C5-7B09-474E-B91B-8BA81A3BC8D2}"
EndProject
Project("{FAE04EC0-301F-11D3-BF4B-00C04F79EFBC}") = "AudioMixer", "AudioMixer\AudioMixer.csproj", "{9AD65972-5C88-4261-BBAC-F8F1D7F84C51}"
EndProject
Global
	GlobalSection(SolutionConfigurationPlatforms) = preSolution
		Debug|Any CPU = Debug|Any CPU
		Debug|x64 = Debug|x64
		Debug|x86 = Debug|x86
		Release|Any CPU = Release|Any CPU
		Release|x64 = Release|x64
		Release|x86 = Release|x86
	EndGlobalSection
	GlobalSection(ProjectConfigurationPlatforms) = postSolution
		{6E28F8F8-6A5E-4EF3-B89C-38827E629A1E}.Debug|Any CPU.ActiveCfg = Debug|Win32
		{6E28F8F8-6A5E-4EF3-B89C-38827E629A1E}.Debug|x64.ActiveCfg = Debug|x64
		{6E28F8F8-6A5E-4EF3-B89C-38827E629A1E}.Debug|x64.Build.0 = Debug|x64
		{6E28F8F8-6A5E-4EF3-B89C-38827E629A1E}.Debug|x86.ActiveCfg = Debug|Win32
		{6E28F8F8-6A5E-4EF3-B89C-38827E629A1E}.Debug|x86.Build.0 = Debug|Win32
		{6E28F8F8-6A5E-4EF3-B89C-38827E629A1E}.Release|Any CPU.ActiveCfg = Release|Win32
		{6E28F8F8-6A5E-4EF3-B89C-38827E629A1E}.Release|x64.ActiveCfg = Release|x64
		{6E28F8F8-6A5E-4EF3-B89C-38827E629A1E}.Release|x64.Build.0 = Release|x64
		{6E28F8F8-6A5E-4EF3-B89C-38827E629A1E}.Release|x86.ActiveCfg = Release|Win32
		{6E28F8F8-6A5E-4EF3-B89C-38827E629A1E}.Release|x86.Build.0 = Release|Win32
		{E5C8A6C5-7B09-474E-B91B-8BA81A3BC8D2}.Debug|Any CPU.ActiveCfg = Debug|Any CPU
		{E5C8A6C5-7B09-474E-B91B-8BA81A3BC8D2}.Debug|Any CPU.Build.0 = Debug|Any CPU
		{E5C8A6C5-7B09-474E-B91B-8BA81A3BC8D2}.Debug|x64.ActiveCfg = Debug|Any CPU
		{E5C8A6C5-7B09-474E-B91B-8BA81A3BC8D2}.Debug|x64.Build.0 = Debug|Any CPU
		{E5C8A6C5-7B09-474E-B91B-8BA81A3BC8D2}.Debug|x86.ActiveCfg = Debug|Any CPU
		{E5C8A6C5-7B09-474E-B91B-8BA81A3BC8D2}.Debug|x86.Build.0 = Debug|Any CPU
		{E5C8A6C5-7B09-474E-B91B-8BA81A3BC8D2}.Release|Any CPU.ActiveCfg = Release|Any CPU
		{E5C8A6C5-7B09-474E-B91B-8BA81A3BC8D2}.Release|Any CPU.Build.0 = Release|Any CPU
		{E5C8A6C5-7B09-474E-B91B-8BA81A3BC8D2}.Release|x64.ActiveCfg = Release|Any CPU
		{E5C8A6C5-7B09-474E-B91B-8BA81A3BC8D2}.Release|x64.Build.0 = Release|Any CPU
		{E5C8A6C5-7B09-474E-B91B-8BA81A3BC8D2}.Release|x86.ActiveCfg = Release|Any CPU
		{E5C8A6C5-7B09-474E-B91B-8BA81A3BC8D2}.Release|x86.Build.0 = Release|Any CPU
		{9AD65972-5C88-4261-BBAC-F8F1D7F84C51}.Debug|Any CPU.ActiveCfg = Debug|Any CPU
		{9AD65972-5C88-4261-BBAC-F8F1D7F84C51}.Debug|Any CPU.Build.0 = Debug|Any CPU
		{9AD65972-5C88-4261-BBAC-F8F1D7F84C51}.Debug|x64.ActiveCfg = Debug|Any CPU
		{9AD65972-5C88-4261-BBAC-F8F1D7F84C51}.Debug|x64.Build.0 = Debug|Any CPU
		{9AD65972-5C88-4261-BBAC-F8F1D7F84C51}.Debug|x86.ActiveCfg = Debug|Any CPU
		{9AD65972-5C88-4261-BBAC-F8F1D7F84C51}.Debug|x86.Build.0 = Debug|Any CPU
		{9AD65972-5C88-4261-BBAC-F8F1D7F84C51}.Release|Any CPU.ActiveCfg = Release|Any CPU
		{9AD65972-5C88-4261-BBAC-F8F1D7F84C51}.Release|Any CPU.Build.0 = Release|Any CPU
		{9AD65972-5C88-4261-BBAC-F8F1D7F84C51}.Release|x64.ActiveCfg = Release|Any CPU
		{9AD65972-5C88-4261-BBAC-F8F1D7F84C51}.Release|x64.Build.0 = Release|Any CPU
		{9AD65972-5C88-4261-BBAC-F8F1D7F84C51}.Release|x86.ActiveCfg = Release|Any CPU
		{9AD65972-5C88-4261-BBAC-F8F1D7F84C51}.Release|x86.Build.0 = Release|Any CPU
	EndGlobalSection
	GlobalSection(SolutionProperties) = preSolution
		HideSolutionNode = FALSE
	EndGlobalSection
	GlobalSection(ExtensibilityGlobals) = postSolution
		SolutionGuid = {1BD7AFFA-4101-45B1-91DF-519F28CB5224}
	EndGlobalSection
EndGlobal
